
Microsoft Visual Studio Solution File, Format Version 12.00
# Visual Studio Version 17
VisualStudioVersion = 17.5.2.0
MinimumVisualStudioVersion = 10.0.40219.1
Project("{FAE04EC0-301F-11D3-BF4B-00C04F79EFBC}") = "SmartWinners", "SmartWinners.csproj", "{01245A10-5856-5D5E-BA77-1DC0F9B7AD45}"
EndProject
Project("{FAE04EC0-301F-11D3-BF4B-00C04F79EFBC}") = "GoldCasino.ApiModule", ".\GoldCasino.ApiModule\GoldCasino.ApiModule.csproj", "{9E3765D7-2C8A-D482-7B6E-CAAE1AD3AB26}"
EndProject
Global
	GlobalSection(SolutionConfigurationPlatforms) = preSolution
		Debug|Any CPU = Debug|Any CPU
		Debug|x64 = Debug|x64
		Debug|x86 = Debug|x86
		Release|Any CPU = Release|Any CPU
		Release|x64 = Release|x64
		Release|x86 = Release|x86
	EndGlobalSection
	GlobalSection(ProjectConfigurationPlatforms) = postSolution
		{01245A10-5856-5D5E-BA77-1DC0F9B7AD45}.Debug|Any CPU.ActiveCfg = Debug|Any CPU
		{01245A10-5856-5D5E-BA77-1DC0F9B7AD45}.Debug|Any CPU.Build.0 = Debug|Any CPU
		{01245A10-5856-5D5E-BA77-1DC0F9B7AD45}.Debug|x64.ActiveCfg = Debug|Any CPU
		{01245A10-5856-5D5E-BA77-1DC0F9B7AD45}.Debug|x64.Build.0 = Debug|Any CPU
		{01245A10-5856-5D5E-BA77-1DC0F9B7AD45}.Debug|x86.ActiveCfg = Debug|Any CPU
		{01245A10-5856-5D5E-BA77-1DC0F9B7AD45}.Debug|x86.Build.0 = Debug|Any CPU
		{01245A10-5856-5D5E-BA77-1DC0F9B7AD45}.Release|Any CPU.ActiveCfg = Release|Any CPU
		{01245A10-5856-5D5E-BA77-1DC0F9B7AD45}.Release|Any CPU.Build.0 = Release|Any CPU
		{01245A10-5856-5D5E-BA77-1DC0F9B7AD45}.Release|x64.ActiveCfg = Release|Any CPU
		{01245A10-5856-5D5E-BA77-1DC0F9B7AD45}.Release|x64.Build.0 = Release|Any CPU
		{01245A10-5856-5D5E-BA77-1DC0F9B7AD45}.Release|x86.ActiveCfg = Release|Any CPU
		{01245A10-5856-5D5E-BA77-1DC0F9B7AD45}.Release|x86.Build.0 = Release|Any CPU
		{8B08795C-58D5-4AD6-B449-9FC36961AA06}.Debug|Any CPU.ActiveCfg = Debug|Any CPU
		{8B08795C-58D5-4AD6-B449-9FC36961AA06}.Debug|Any CPU.Build.0 = Debug|Any CPU
		{8B08795C-58D5-4AD6-B449-9FC36961AA06}.Debug|x64.ActiveCfg = Debug|Any CPU
		{8B08795C-58D5-4AD6-B449-9FC36961AA06}.Debug|x64.Build.0 = Debug|Any CPU
		{8B08795C-58D5-4AD6-B449-9FC36961AA06}.Debug|x86.ActiveCfg = Debug|Any CPU
		{8B08795C-58D5-4AD6-B449-9FC36961AA06}.Debug|x86.Build.0 = Debug|Any CPU
		{8B08795C-58D5-4AD6-B449-9FC36961AA06}.Release|Any CPU.ActiveCfg = Release|Any CPU
		{8B08795C-58D5-4AD6-B449-9FC36961AA06}.Release|Any CPU.Build.0 = Release|Any CPU
		{8B08795C-58D5-4AD6-B449-9FC36961AA06}.Release|x64.ActiveCfg = Release|Any CPU
		{8B08795C-58D5-4AD6-B449-9FC36961AA06}.Release|x64.Build.0 = Release|Any CPU
		{8B08795C-58D5-4AD6-B449-9FC36961AA06}.Release|x86.ActiveCfg = Release|Any CPU
		{8B08795C-58D5-4AD6-B449-9FC36961AA06}.Release|x86.Build.0 = Release|Any CPU
		{9E3765D7-2C8A-D482-7B6E-CAAE1AD3AB26}.Debug|Any CPU.ActiveCfg = Debug|Any CPU
		{9E3765D7-2C8A-D482-7B6E-CAAE1AD3AB26}.Debug|Any CPU.Build.0 = Debug|Any CPU
		{9E3765D7-2C8A-D482-7B6E-CAAE1AD3AB26}.Debug|x64.ActiveCfg = Debug|Any CPU
		{9E3765D7-2C8A-D482-7B6E-CAAE1AD3AB26}.Debug|x64.Build.0 = Debug|Any CPU
		{9E3765D7-2C8A-D482-7B6E-CAAE1AD3AB26}.Debug|x86.ActiveCfg = Debug|Any CPU
		{9E3765D7-2C8A-D482-7B6E-CAAE1AD3AB26}.Debug|x86.Build.0 = Debug|Any CPU
		{9E3765D7-2C8A-D482-7B6E-CAAE1AD3AB26}.Release|Any CPU.ActiveCfg = Release|Any CPU
		{9E3765D7-2C8A-D482-7B6E-CAAE1AD3AB26}.Release|Any CPU.Build.0 = Release|Any CPU
		{9E3765D7-2C8A-D482-7B6E-CAAE1AD3AB26}.Release|x64.ActiveCfg = Release|Any CPU
		{9E3765D7-2C8A-D482-7B6E-CAAE1AD3AB26}.Release|x64.Build.0 = Release|Any CPU
		{9E3765D7-2C8A-D482-7B6E-CAAE1AD3AB26}.Release|x86.ActiveCfg = Release|Any CPU
		{9E3765D7-2C8A-D482-7B6E-CAAE1AD3AB26}.Release|x86.Build.0 = Release|Any CPU
	EndGlobalSection
	GlobalSection(SolutionProperties) = preSolution
		HideSolutionNode = FALSE
	EndGlobalSection
	GlobalSection(ExtensibilityGlobals) = postSolution
		SolutionGuid = {62C916BD-2B7E-4171-9CCE-081C1EE74BD2}
	EndGlobalSection
EndGlobal
